// !$*UTF8*$!
{
	archiveVersion = 1;
	classes = {
	};
	objectVersion = 56;
	objects = {

/* Begin PBXBuildFile section */
		614F9BA12AFD6514005E69A2 /* main.swift in Sources */ = {isa = PBXBuildFile; fileRef = 614F9BA02AFD6514005E69A2 /* main.swift */; };
		614F9BAA2AFD67B1005E69A2 /* Suit.swift in Sources */ = {isa = PBXBuildFile; fileRef = 614F9BA92AFD67B1005E69A2 /* Suit.swift */; };
		614F9BB52AFD7053005E69A2 /* CardGamesTests.swift in Sources */ = {isa = PBXBuildFile; fileRef = 614F9BB42AFD7053005E69A2 /* CardGamesTests.swift */; };
		614F9BB92AFD7062005E69A2 /* SuitTests.swift in Sources */ = {isa = PBXBuildFile; fileRef = 614F9BAC2AFD6ED4005E69A2 /* SuitTests.swift */; };
		614F9BBB2AFD7357005E69A2 /* Suit.swift in Sources */ = {isa = PBXBuildFile; fileRef = 614F9BA92AFD67B1005E69A2 /* Suit.swift */; };
		6153225A2B313AAF00831BDD /* Deck.swift in Sources */ = {isa = PBXBuildFile; fileRef = 615322592B313AAF00831BDD /* Deck.swift */; };
		6153225B2B313AAF00831BDD /* Deck.swift in Sources */ = {isa = PBXBuildFile; fileRef = 615322592B313AAF00831BDD /* Deck.swift */; };
		6153225D2B313B6500831BDD /* CardProvider.swift in Sources */ = {isa = PBXBuildFile; fileRef = 6153225C2B313B6500831BDD /* CardProvider.swift */; };
		6153225E2B313B6500831BDD /* CardProvider.swift in Sources */ = {isa = PBXBuildFile; fileRef = 6153225C2B313B6500831BDD /* CardProvider.swift */; };
		61AE3C292B0D33DF00079C35 /* Rank.swift in Sources */ = {isa = PBXBuildFile; fileRef = 61AE3C282B0D33DF00079C35 /* Rank.swift */; };
		61AE3C2A2B0D33DF00079C35 /* Rank.swift in Sources */ = {isa = PBXBuildFile; fileRef = 61AE3C282B0D33DF00079C35 /* Rank.swift */; };
		61AE3C2D2B0D379F00079C35 /* RankTests.swift in Sources */ = {isa = PBXBuildFile; fileRef = 61AE3C2B2B0D379F00079C35 /* RankTests.swift */; };
		61AE3C2F2B0D48D300079C35 /* PlayingCard.swift in Sources */ = {isa = PBXBuildFile; fileRef = 61AE3C2E2B0D48D300079C35 /* PlayingCard.swift */; };
		61AE3C302B0D48D300079C35 /* PlayingCard.swift in Sources */ = {isa = PBXBuildFile; fileRef = 61AE3C2E2B0D48D300079C35 /* PlayingCard.swift */; };
		61AE3C322B0D502B00079C35 /* PlayingCardTests.swift in Sources */ = {isa = PBXBuildFile; fileRef = 61AE3C312B0D502B00079C35 /* PlayingCardTests.swift */; };
		61AE3C352B0D64DF00079C35 /* BlackjackDealer.swift in Sources */ = {isa = PBXBuildFile; fileRef = 61AE3C342B0D64DF00079C35 /* BlackjackDealer.swift */; };
		61AE3C362B0D64DF00079C35 /* BlackjackDealer.swift in Sources */ = {isa = PBXBuildFile; fileRef = 61AE3C342B0D64DF00079C35 /* BlackjackDealer.swift */; };
		61AE3C382B0D650600079C35 /* BlackjackPlayer.swift in Sources */ = {isa = PBXBuildFile; fileRef = 61AE3C372B0D650600079C35 /* BlackjackPlayer.swift */; };
		61AE3C392B0D650600079C35 /* BlackjackPlayer.swift in Sources */ = {isa = PBXBuildFile; fileRef = 61AE3C372B0D650600079C35 /* BlackjackPlayer.swift */; };
		61AE3C3B2B0D651500079C35 /* BlackjackHand.swift in Sources */ = {isa = PBXBuildFile; fileRef = 61AE3C3A2B0D651500079C35 /* BlackjackHand.swift */; };
		61AE3C3C2B0D651500079C35 /* BlackjackHand.swift in Sources */ = {isa = PBXBuildFile; fileRef = 61AE3C3A2B0D651500079C35 /* BlackjackHand.swift */; };
/* End PBXBuildFile section */

/* Begin PBXCopyFilesBuildPhase section */
		614F9B9B2AFD6514005E69A2 /* CopyFiles */ = {
			isa = PBXCopyFilesBuildPhase;
			buildActionMask = 2147483647;
			dstPath = /usr/share/man/man1/;
			dstSubfolderSpec = 0;
			files = (
			);
			runOnlyForDeploymentPostprocessing = 1;
		};
/* End PBXCopyFilesBuildPhase section */

/* Begin PBXFileReference section */
		614F9B9D2AFD6514005E69A2 /* CardGames */ = {isa = PBXFileReference; explicitFileType = "compiled.mach-o.executable"; includeInIndex = 0; path = CardGames; sourceTree = BUILT_PRODUCTS_DIR; };
		614F9BA02AFD6514005E69A2 /* main.swift */ = {isa = PBXFileReference; lastKnownFileType = sourcecode.swift; path = main.swift; sourceTree = "<group>"; };
		614F9BA82AFD66A9005E69A2 /* .gitignore */ = {isa = PBXFileReference; lastKnownFileType = text; path = .gitignore; sourceTree = "<group>"; };
		614F9BA92AFD67B1005E69A2 /* Suit.swift */ = {isa = PBXFileReference; lastKnownFileType = sourcecode.swift; path = Suit.swift; sourceTree = "<group>"; };
		614F9BAC2AFD6ED4005E69A2 /* SuitTests.swift */ = {isa = PBXFileReference; lastKnownFileType = sourcecode.swift; path = SuitTests.swift; sourceTree = "<group>"; };
		614F9BB22AFD7053005E69A2 /* CardGamesTests.xctest */ = {isa = PBXFileReference; explicitFileType = wrapper.cfbundle; includeInIndex = 0; path = CardGamesTests.xctest; sourceTree = BUILT_PRODUCTS_DIR; };
		614F9BB42AFD7053005E69A2 /* CardGamesTests.swift */ = {isa = PBXFileReference; lastKnownFileType = sourcecode.swift; path = CardGamesTests.swift; sourceTree = "<group>"; };
		614F9BBE2AFDD3E6005E69A2 /* README.md */ = {isa = PBXFileReference; lastKnownFileType = net.daringfireball.markdown; path = README.md; sourceTree = "<group>"; };
		615322592B313AAF00831BDD /* Deck.swift */ = {isa = PBXFileReference; lastKnownFileType = sourcecode.swift; path = Deck.swift; sourceTree = "<group>"; };
		6153225C2B313B6500831BDD /* CardProvider.swift */ = {isa = PBXFileReference; lastKnownFileType = sourcecode.swift; path = CardProvider.swift; sourceTree = "<group>"; };
		61AE3C282B0D33DF00079C35 /* Rank.swift */ = {isa = PBXFileReference; lastKnownFileType = sourcecode.swift; path = Rank.swift; sourceTree = "<group>"; };
		61AE3C2B2B0D379F00079C35 /* RankTests.swift */ = {isa = PBXFileReference; lastKnownFileType = sourcecode.swift; path = RankTests.swift; sourceTree = "<group>"; };
		61AE3C2E2B0D48D300079C35 /* PlayingCard.swift */ = {isa = PBXFileReference; lastKnownFileType = sourcecode.swift; path = PlayingCard.swift; sourceTree = "<group>"; };
		61AE3C312B0D502B00079C35 /* PlayingCardTests.swift */ = {isa = PBXFileReference; lastKnownFileType = sourcecode.swift; path = PlayingCardTests.swift; sourceTree = "<group>"; };
		61AE3C342B0D64DF00079C35 /* BlackjackDealer.swift */ = {isa = PBXFileReference; lastKnownFileType = sourcecode.swift; path = BlackjackDealer.swift; sourceTree = "<group>"; };
		61AE3C372B0D650600079C35 /* BlackjackPlayer.swift */ = {isa = PBXFileReference; lastKnownFileType = sourcecode.swift; path = BlackjackPlayer.swift; sourceTree = "<group>"; };
		61AE3C3A2B0D651500079C35 /* BlackjackHand.swift */ = {isa = PBXFileReference; lastKnownFileType = sourcecode.swift; path = BlackjackHand.swift; sourceTree = "<group>"; };
/* End PBXFileReference section */

/* Begin PBXFrameworksBuildPhase section */
		614F9B9A2AFD6514005E69A2 /* Frameworks */ = {
			isa = PBXFrameworksBuildPhase;
			buildActionMask = 2147483647;
			files = (
			);
			runOnlyForDeploymentPostprocessing = 0;
		};
		614F9BAF2AFD7053005E69A2 /* Frameworks */ = {
			isa = PBXFrameworksBuildPhase;
			buildActionMask = 2147483647;
			files = (
			);
			runOnlyForDeploymentPostprocessing = 0;
		};
/* End PBXFrameworksBuildPhase section */

/* Begin PBXGroup section */
		614F9B942AFD6514005E69A2 = {
			isa = PBXGroup;
			children = (
				614F9BBE2AFDD3E6005E69A2 /* README.md */,
				614F9BAB2AFD6EAC005E69A2 /* Tests */,
				614F9BA82AFD66A9005E69A2 /* .gitignore */,
				614F9BA72AFD6533005E69A2 /* PlayingCards */,
				614F9B9F2AFD6514005E69A2 /* CardGames */,
				614F9BB32AFD7053005E69A2 /* CardGamesTests */,
				614F9B9E2AFD6514005E69A2 /* Products */,
			);
			sourceTree = "<group>";
		};
		614F9B9E2AFD6514005E69A2 /* Products */ = {
			isa = PBXGroup;
			children = (
				614F9B9D2AFD6514005E69A2 /* CardGames */,
				614F9BB22AFD7053005E69A2 /* CardGamesTests.xctest */,
			);
			name = Products;
			sourceTree = "<group>";
		};
		614F9B9F2AFD6514005E69A2 /* CardGames */ = {
			isa = PBXGroup;
			children = (
				61AE3C332B0D64CA00079C35 /* Blackjack */,
				614F9BA02AFD6514005E69A2 /* main.swift */,
			);
			path = CardGames;
			sourceTree = "<group>";
		};
		614F9BA72AFD6533005E69A2 /* PlayingCards */ = {
			isa = PBXGroup;
			children = (
				614F9BA92AFD67B1005E69A2 /* Suit.swift */,
				61AE3C282B0D33DF00079C35 /* Rank.swift */,
				61AE3C2E2B0D48D300079C35 /* PlayingCard.swift */,
				615322592B313AAF00831BDD /* Deck.swift */,
				6153225C2B313B6500831BDD /* CardProvider.swift */,
			);
			path = PlayingCards;
			sourceTree = "<group>";
		};
		614F9BAB2AFD6EAC005E69A2 /* Tests */ = {
			isa = PBXGroup;
			children = (
				614F9BAC2AFD6ED4005E69A2 /* SuitTests.swift */,
				61AE3C2B2B0D379F00079C35 /* RankTests.swift */,
				61AE3C312B0D502B00079C35 /* PlayingCardTests.swift */,
			);
			path = Tests;
			sourceTree = "<group>";
		};
		614F9BB32AFD7053005E69A2 /* CardGamesTests */ = {
			isa = PBXGroup;
			children = (
				614F9BB42AFD7053005E69A2 /* CardGamesTests.swift */,
			);
			path = CardGamesTests;
			sourceTree = "<group>";
		};
		61AE3C332B0D64CA00079C35 /* Blackjack */ = {
			isa = PBXGroup;
			children = (
				61AE3C342B0D64DF00079C35 /* BlackjackDealer.swift */,
				61AE3C372B0D650600079C35 /* BlackjackPlayer.swift */,
				61AE3C3A2B0D651500079C35 /* BlackjackHand.swift */,
			);
			path = Blackjack;
			sourceTree = "<group>";
		};
/* End PBXGroup section */

/* Begin PBXNativeTarget section */
		614F9B9C2AFD6514005E69A2 /* CardGames */ = {
			isa = PBXNativeTarget;
			buildConfigurationList = 614F9BA42AFD6514005E69A2 /* Build configuration list for PBXNativeTarget "CardGames" */;
			buildPhases = (
				614F9B992AFD6514005E69A2 /* Sources */,
				614F9B9A2AFD6514005E69A2 /* Frameworks */,
				614F9B9B2AFD6514005E69A2 /* CopyFiles */,
			);
			buildRules = (
			);
			dependencies = (
			);
			name = CardGames;
			productName = CardGames;
			productReference = 614F9B9D2AFD6514005E69A2 /* CardGames */;
			productType = "com.apple.product-type.tool";
		};
		614F9BB12AFD7053005E69A2 /* CardGamesTests */ = {
			isa = PBXNativeTarget;
			buildConfigurationList = 614F9BB62AFD7053005E69A2 /* Build configuration list for PBXNativeTarget "CardGamesTests" */;
			buildPhases = (
				614F9BAE2AFD7053005E69A2 /* Sources */,
				614F9BAF2AFD7053005E69A2 /* Frameworks */,
				614F9BB02AFD7053005E69A2 /* Resources */,
			);
			buildRules = (
			);
			dependencies = (
			);
			name = CardGamesTests;
			productName = CardGamesTests;
			productReference = 614F9BB22AFD7053005E69A2 /* CardGamesTests.xctest */;
			productType = "com.apple.product-type.bundle.unit-test";
		};
/* End PBXNativeTarget section */

/* Begin PBXProject section */
		614F9B952AFD6514005E69A2 /* Project object */ = {
			isa = PBXProject;
			attributes = {
				BuildIndependentTargetsInParallel = 1;
				LastSwiftUpdateCheck = 1500;
				LastUpgradeCheck = 1500;
				TargetAttributes = {
					614F9B9C2AFD6514005E69A2 = {
						CreatedOnToolsVersion = 15.0;
					};
					614F9BB12AFD7053005E69A2 = {
						CreatedOnToolsVersion = 15.0;
					};
				};
			};
			buildConfigurationList = 614F9B982AFD6514005E69A2 /* Build configuration list for PBXProject "CardGames" */;
			compatibilityVersion = "Xcode 14.0";
			developmentRegion = en;
			hasScannedForEncodings = 0;
			knownRegions = (
				en,
				Base,
			);
			mainGroup = 614F9B942AFD6514005E69A2;
			productRefGroup = 614F9B9E2AFD6514005E69A2 /* Products */;
			projectDirPath = "";
			projectRoot = "";
			targets = (
				614F9B9C2AFD6514005E69A2 /* CardGames */,
				614F9BB12AFD7053005E69A2 /* CardGamesTests */,
			);
		};
/* End PBXProject section */

/* Begin PBXResourcesBuildPhase section */
		614F9BB02AFD7053005E69A2 /* Resources */ = {
			isa = PBXResourcesBuildPhase;
			buildActionMask = 2147483647;
			files = (
			);
			runOnlyForDeploymentPostprocessing = 0;
		};
/* End PBXResourcesBuildPhase section */

/* Begin PBXSourcesBuildPhase section */
		614F9B992AFD6514005E69A2 /* Sources */ = {
			isa = PBXSourcesBuildPhase;
			buildActionMask = 2147483647;
			files = (
				61AE3C292B0D33DF00079C35 /* Rank.swift in Sources */,
				61AE3C3B2B0D651500079C35 /* BlackjackHand.swift in Sources */,
				61AE3C352B0D64DF00079C35 /* BlackjackDealer.swift in Sources */,
				614F9BAA2AFD67B1005E69A2 /* Suit.swift in Sources */,
				6153225A2B313AAF00831BDD /* Deck.swift in Sources */,
				61AE3C2F2B0D48D300079C35 /* PlayingCard.swift in Sources */,
				614F9BA12AFD6514005E69A2 /* main.swift in Sources */,
				6153225D2B313B6500831BDD /* CardProvider.swift in Sources */,
				61AE3C382B0D650600079C35 /* BlackjackPlayer.swift in Sources */,
			);
			runOnlyForDeploymentPostprocessing = 0;
		};
		614F9BAE2AFD7053005E69A2 /* Sources */ = {
			isa = PBXSourcesBuildPhase;
			buildActionMask = 2147483647;
			files = (
				61AE3C322B0D502B00079C35 /* PlayingCardTests.swift in Sources */,
				614F9BB92AFD7062005E69A2 /* SuitTests.swift in Sources */,
				61AE3C2A2B0D33DF00079C35 /* Rank.swift in Sources */,
				61AE3C362B0D64DF00079C35 /* BlackjackDealer.swift in Sources */,
				61AE3C2D2B0D379F00079C35 /* RankTests.swift in Sources */,
				614F9BBB2AFD7357005E69A2 /* Suit.swift in Sources */,
				61AE3C302B0D48D300079C35 /* PlayingCard.swift in Sources */,
				61AE3C3C2B0D651500079C35 /* BlackjackHand.swift in Sources */,
				614F9BB52AFD7053005E69A2 /* CardGamesTests.swift in Sources */,
				6153225B2B313AAF00831BDD /* Deck.swift in Sources */,
				6153225E2B313B6500831BDD /* CardProvider.swift in Sources */,
				61AE3C392B0D650600079C35 /* BlackjackPlayer.swift in Sources */,
			);
			runOnlyForDeploymentPostprocessing = 0;
		};
/* End PBXSourcesBuildPhase section */

/* Begin XCBuildConfiguration section */
		614F9BA22AFD6514005E69A2 /* Debug */ = {
			isa = XCBuildConfiguration;
			buildSettings = {
				ALWAYS_SEARCH_USER_PATHS = NO;
				ASSETCATALOG_COMPILER_GENERATE_SWIFT_ASSET_SYMBOL_EXTENSIONS = YES;
				CLANG_ANALYZER_NONNULL = YES;
				CLANG_ANALYZER_NUMBER_OBJECT_CONVERSION = YES_AGGRESSIVE;
				CLANG_CXX_LANGUAGE_STANDARD = "gnu++20";
				CLANG_ENABLE_MODULES = YES;
				CLANG_ENABLE_OBJC_ARC = YES;
				CLANG_ENABLE_OBJC_WEAK = YES;
				CLANG_WARN_BLOCK_CAPTURE_AUTORELEASING = YES;
				CLANG_WARN_BOOL_CONVERSION = YES;
				CLANG_WARN_COMMA = YES;
				CLANG_WARN_CONSTANT_CONVERSION = YES;
				CLANG_WARN_DEPRECATED_OBJC_IMPLEMENTATIONS = YES;
				CLANG_WARN_DIRECT_OBJC_ISA_USAGE = YES_ERROR;
				CLANG_WARN_DOCUMENTATION_COMMENTS = YES;
				CLANG_WARN_EMPTY_BODY = YES;
				CLANG_WARN_ENUM_CONVERSION = YES;
				CLANG_WARN_INFINITE_RECURSION = YES;
				CLANG_WARN_INT_CONVERSION = YES;
				CLANG_WARN_NON_LITERAL_NULL_CONVERSION = YES;
				CLANG_WARN_OBJC_IMPLICIT_RETAIN_SELF = YES;
				CLANG_WARN_OBJC_LITERAL_CONVERSION = YES;
				CLANG_WARN_OBJC_ROOT_CLASS = YES_ERROR;
				CLANG_WARN_QUOTED_INCLUDE_IN_FRAMEWORK_HEADER = YES;
				CLANG_WARN_RANGE_LOOP_ANALYSIS = YES;
				CLANG_WARN_STRICT_PROTOTYPES = YES;
				CLANG_WARN_SUSPICIOUS_MOVE = YES;
				CLANG_WARN_UNGUARDED_AVAILABILITY = YES_AGGRESSIVE;
				CLANG_WARN_UNREACHABLE_CODE = YES;
				CLANG_WARN__DUPLICATE_METHOD_MATCH = YES;
				COPY_PHASE_STRIP = NO;
				DEBUG_INFORMATION_FORMAT = dwarf;
				ENABLE_STRICT_OBJC_MSGSEND = YES;
				ENABLE_TESTABILITY = YES;
				ENABLE_USER_SCRIPT_SANDBOXING = YES;
				GCC_C_LANGUAGE_STANDARD = gnu17;
				GCC_DYNAMIC_NO_PIC = NO;
				GCC_NO_COMMON_BLOCKS = YES;
				GCC_OPTIMIZATION_LEVEL = 0;
				GCC_PREPROCESSOR_DEFINITIONS = (
					"DEBUG=1",
					"$(inherited)",
				);
				GCC_WARN_64_TO_32_BIT_CONVERSION = YES;
				GCC_WARN_ABOUT_RETURN_TYPE = YES_ERROR;
				GCC_WARN_UNDECLARED_SELECTOR = YES;
				GCC_WARN_UNINITIALIZED_AUTOS = YES_AGGRESSIVE;
				GCC_WARN_UNUSED_FUNCTION = YES;
				GCC_WARN_UNUSED_VARIABLE = YES;
				LOCALIZATION_PREFERS_STRING_CATALOGS = YES;
				MACOSX_DEPLOYMENT_TARGET = 13.5;
				MTL_ENABLE_DEBUG_INFO = INCLUDE_SOURCE;
				MTL_FAST_MATH = YES;
				ONLY_ACTIVE_ARCH = YES;
				SDKROOT = macosx;
				SWIFT_ACTIVE_COMPILATION_CONDITIONS = "DEBUG $(inherited)";
				SWIFT_OPTIMIZATION_LEVEL = "-Onone";
			};
			name = Debug;
		};
		614F9BA32AFD6514005E69A2 /* Release */ = {
			isa = XCBuildConfiguration;
			buildSettings = {
				ALWAYS_SEARCH_USER_PATHS = NO;
				ASSETCATALOG_COMPILER_GENERATE_SWIFT_ASSET_SYMBOL_EXTENSIONS = YES;
				CLANG_ANALYZER_NONNULL = YES;
				CLANG_ANALYZER_NUMBER_OBJECT_CONVERSION = YES_AGGRESSIVE;
				CLANG_CXX_LANGUAGE_STANDARD = "gnu++20";
				CLANG_ENABLE_MODULES = YES;
				CLANG_ENABLE_OBJC_ARC = YES;
				CLANG_ENABLE_OBJC_WEAK = YES;
				CLANG_WARN_BLOCK_CAPTURE_AUTORELEASING = YES;
				CLANG_WARN_BOOL_CONVERSION = YES;
				CLANG_WARN_COMMA = YES;
				CLANG_WARN_CONSTANT_CONVERSION = YES;
				CLANG_WARN_DEPRECATED_OBJC_IMPLEMENTATIONS = YES;
				CLANG_WARN_DIRECT_OBJC_ISA_USAGE = YES_ERROR;
				CLANG_WARN_DOCUMENTATION_COMMENTS = YES;
				CLANG_WARN_EMPTY_BODY = YES;
				CLANG_WARN_ENUM_CONVERSION = YES;
				CLANG_WARN_INFINITE_RECURSION = YES;
				CLANG_WARN_INT_CONVERSION = YES;
				CLANG_WARN_NON_LITERAL_NULL_CONVERSION = YES;
				CLANG_WARN_OBJC_IMPLICIT_RETAIN_SELF = YES;
				CLANG_WARN_OBJC_LITERAL_CONVERSION = YES;
				CLANG_WARN_OBJC_ROOT_CLASS = YES_ERROR;
				CLANG_WARN_QUOTED_INCLUDE_IN_FRAMEWORK_HEADER = YES;
				CLANG_WARN_RANGE_LOOP_ANALYSIS = YES;
				CLANG_WARN_STRICT_PROTOTYPES = YES;
				CLANG_WARN_SUSPICIOUS_MOVE = YES;
				CLANG_WARN_UNGUARDED_AVAILABILITY = YES_AGGRESSIVE;
				CLANG_WARN_UNREACHABLE_CODE = YES;
				CLANG_WARN__DUPLICATE_METHOD_MATCH = YES;
				COPY_PHASE_STRIP = NO;
				DEBUG_INFORMATION_FORMAT = "dwarf-with-dsym";
				ENABLE_NS_ASSERTIONS = NO;
				ENABLE_STRICT_OBJC_MSGSEND = YES;
				ENABLE_USER_SCRIPT_SANDBOXING = YES;
				GCC_C_LANGUAGE_STANDARD = gnu17;
				GCC_NO_COMMON_BLOCKS = YES;
				GCC_WARN_64_TO_32_BIT_CONVERSION = YES;
				GCC_WARN_ABOUT_RETURN_TYPE = YES_ERROR;
				GCC_WARN_UNDECLARED_SELECTOR = YES;
				GCC_WARN_UNINITIALIZED_AUTOS = YES_AGGRESSIVE;
				GCC_WARN_UNUSED_FUNCTION = YES;
				GCC_WARN_UNUSED_VARIABLE = YES;
				LOCALIZATION_PREFERS_STRING_CATALOGS = YES;
				MACOSX_DEPLOYMENT_TARGET = 13.5;
				MTL_ENABLE_DEBUG_INFO = NO;
				MTL_FAST_MATH = YES;
				SDKROOT = macosx;
				SWIFT_COMPILATION_MODE = wholemodule;
			};
			name = Release;
		};
		614F9BA52AFD6514005E69A2 /* Debug */ = {
			isa = XCBuildConfiguration;
			buildSettings = {
				CODE_SIGN_STYLE = Automatic;
				PRODUCT_NAME = "$(TARGET_NAME)";
				SWIFT_VERSION = 5.0;
			};
			name = Debug;
		};
		614F9BA62AFD6514005E69A2 /* Release */ = {
			isa = XCBuildConfiguration;
			buildSettings = {
				CODE_SIGN_STYLE = Automatic;
				PRODUCT_NAME = "$(TARGET_NAME)";
				SWIFT_VERSION = 5.0;
			};
			name = Release;
		};
		614F9BB72AFD7053005E69A2 /* Debug */ = {
			isa = XCBuildConfiguration;
			buildSettings = {
				CODE_SIGN_STYLE = Automatic;
				CURRENT_PROJECT_VERSION = 1;
				GENERATE_INFOPLIST_FILE = YES;
				MARKETING_VERSION = 1.0;
				PRODUCT_BUNDLE_IDENTIFIER = org.example.CardGamesTests;
				PRODUCT_NAME = "$(TARGET_NAME)";
				SWIFT_EMIT_LOC_STRINGS = NO;
				SWIFT_VERSION = 5.0;
			};
			name = Debug;
		};
		614F9BB82AFD7053005E69A2 /* Release */ = {
			isa = XCBuildConfiguration;
			buildSettings = {
				CODE_SIGN_STYLE = Automatic;
				CURRENT_PROJECT_VERSION = 1;
				GENERATE_INFOPLIST_FILE = YES;
				MARKETING_VERSION = 1.0;
				PRODUCT_BUNDLE_IDENTIFIER = org.example.CardGamesTests;
				PRODUCT_NAME = "$(TARGET_NAME)";
				SWIFT_EMIT_LOC_STRINGS = NO;
				SWIFT_VERSION = 5.0;
			};
			name = Release;
		};
/* End XCBuildConfiguration section */

/* Begin XCConfigurationList section */
		614F9B982AFD6514005E69A2 /* Build configuration list for PBXProject "CardGames" */ = {
			isa = XCConfigurationList;
			buildConfigurations = (
				614F9BA22AFD6514005E69A2 /* Debug */,
				614F9BA32AFD6514005E69A2 /* Release */,
			);
			defaultConfigurationIsVisible = 0;
			defaultConfigurationName = Release;
		};
		614F9BA42AFD6514005E69A2 /* Build configuration list for PBXNativeTarget "CardGames" */ = {
			isa = XCConfigurationList;
			buildConfigurations = (
				614F9BA52AFD6514005E69A2 /* Debug */,
				614F9BA62AFD6514005E69A2 /* Release */,
			);
			defaultConfigurationIsVisible = 0;
			defaultConfigurationName = Release;
		};
		614F9BB62AFD7053005E69A2 /* Build configuration list for PBXNativeTarget "CardGamesTests" */ = {
			isa = XCConfigurationList;
			buildConfigurations = (
				614F9BB72AFD7053005E69A2 /* Debug */,
				614F9BB82AFD7053005E69A2 /* Release */,
			);
			defaultConfigurationIsVisible = 0;
			defaultConfigurationName = Release;
		};
/* End XCConfigurationList section */
	};
	rootObject = 614F9B952AFD6514005E69A2 /* Project object */;
}
